{
  "nodes": {
    "crane": {
      "locked": {
        "lastModified": 1788465171,
        "narHash": "sha256-Y1/TTVXjYXGF068IThQH9fPSZ0SIE74PABlUxnWTUH0=",
        "owner": "ipetkov",
        "repo": "crane",
        "rev": "eb35abda9f232cc6610b1d1e3200d15c49b7ac54",
        "type": "github"
      },
      "original": {
        "owner": "ipetkov",
        "repo": "crane",
        "type": "github"
      }
    },
    "disko": {
      "inputs": {
        "nixpkgs": [
          "nixpkgs"
        ]
      },
      "locked": {
        "lastModified": 1768920986,
        "narHash": "sha256-CNzzBsRhq7gg4BMBuTDObiWDH/rFYHEuDRVOwCcwXw4=",
        "owner": "nix-community",
        "repo": "disko",
        "rev": "de5708739256238fb912c62f03988815db89ec9a",
        "type": "github"
      },
      "original": {
        "owner": "nix-community",
        "ref": "latest",
        "repo": "disko",
        "type": "github"
      }
    },
    "emacs-overlay": {
      "inputs": {
        "nixpkgs": [
          "nixpkgs"
        ],
        "nixpkgs-stable": [
          "nixpkgs"
        ]
      },
      "locked": {
        "lastModified": 1789911895,
        "narHash": "sha256-kADRKEVdIBNegPPjl7giTgStDBCUzAhxBKDD9wg4rcI=",
        "owner": "nix-community",
        "repo": "emacs-overlay",
        "rev": "f45fdc54d21d42dfc5b1293a7a5ca93ff3bca47f",
        "type": "github"
      },
      "original": {
        "owner": "nix-community",
        "repo": "emacs-overlay",
        "type": "github"
      }
    },
    "flake-compat": {
      "flake": false,
      "locked": {
        "lastModified": 1767039857,
        "narHash": "sha256-vNpUSpF5Nuw8xvDLj2KCwwksIbjua2LZCqhV1LNRDns=",
        "owner": "NixOS",
        "repo": "flake-compat",
        "rev": "5edf11c44bc78a0d334f6334cdaf7d60d732daab",
        "type": "github"
      },
      "original": {
        "owner": "NixOS",
        "repo": "flake-compat",
        "type": "github"
      }
    },
    "home-manager": {
      "inputs": {
        "nixpkgs": [
          "nixpkgs"
        ]
      },
      "locked": {
        "lastModified": 1789867870,
        "narHash": "sha256-sOag/7DTqw4tXLI7UxjrZxPGV+dlTe6zFtJn0VSkgFM=",
        "owner": "nix-community",
        "repo": "home-manager",
        "rev": "d2a22a3659a6ae99847ea9176114f6957b8ac62e",
        "type": "github"
      },
      "original": {
        "owner": "nix-community",
        "repo": "home-manager",
        "type": "github"
      }
    },
    "kitty-graphics": {
      "flake": false,
      "locked": {
        "lastModified": 1784999277,
        "narHash": "sha256-3P4NQJpC0R1DRQ1oV1vbN1VD+Tb0wcMIvN1yA/pa/Rc=",
        "owner": "cashmeredev",
        "repo": "kitty-graphics.el",
        "rev": "13666d4eb2ef4eeed24697c0326368eff3667dce",
        "type": "github"
      },
      "original": {
        "owner": "cashmeredev",
        "repo": "kitty-graphics.el",
        "type": "github"
      }
    },
    "lanzaboote": {
      "inputs": {
        "crane": "crane",
        "nixpkgs": [
          "nixpkgs"
        ],
        "pre-commit": "pre-commit",
        "rust-overlay": "rust-overlay"
      },
      "locked": {
        "lastModified": 1789586975,
        "narHash": "sha256-N5qhvQXNFluy1sFvcVhIEvwm5QeCxFrpZHw/pwE+szU=",
        "owner": "nix-community",
        "repo": "lanzaboote",
        "rev": "8a34c6af53de5d0de742f35b5d764db93b53c5df",
        "type": "github"
      },
      "original": {
        "owner": "nix-community",
        "repo": "lanzaboote",
        "type": "github"
      }
    },
    "nixos-hardware": {
      "inputs": {
        "nixpkgs": [
          "nixpkgs"
        ]
      },
      "locked": {
        "lastModified": 1789752250,
        "narHash": "sha256-q0J27mJDfd4BM9a7KcMVbcRmqyU+goQwudbMIu66qsg=",
        "owner": "NixOS",
        "repo": "nixos-hardware",
        "rev": "b2d7d02644f0002535a3bb51a73780945cdc7ba4",
        "type": "github"
      },
      "original": {
        "owner": "NixOS",
        "repo": "nixos-hardware",
        "type": "github"
      }
    },
    "nixpkgs": {
      "locked": {
        "lastModified": 1789785513,
        "narHash": "sha256-B44WL6h0XoLjJ41bUPJk0X5SDinLCII//6EcBLXKiJ0=",
        "owner": "NixOS",
        "repo": "nixpkgs",
        "rev": "20b1ddd1aa5ace70c9468305030aa4f9ef79671b",
        "type": "github"
      },
      "original": {
        "owner": "NixOS",
        "ref": "nixos-unstable",
        "repo": "nixpkgs",
        "type": "github"
      }
    },
    "pre-commit": {
      "inputs": {
        "flake-compat": "flake-compat",
        "nixpkgs": [
          "lanzaboote",
          "nixpkgs"
        ]
      },
      "locked": {
        "lastModified": 1789514889,
        "narHash": "sha256-PFD1nxptCXJyJoiYO1gf/5Vv43yqGpHtMC6LUhl9/pQ=",
        "owner": "cachix",
        "repo": "git-hooks.nix",
        "rev": "59f4ca0d063a1a3ec722c88b51a33004862e5379",
        "type": "github"
      },
      "original": {
        "owner": "cachix",
        "repo": "git-hooks.nix",
        "type": "github"
      }
    },
    "root": {
      "inputs": {
        "disko": "disko",
        "emacs-overlay": "emacs-overlay",
        "home-manager": "home-manager",
        "kitty-graphics": "kitty-graphics",
        "lanzaboote": "lanzaboote",
        "nixos-hardware": "nixos-hardware",
        "nixpkgs": "nixpkgs",
        "selenized": "selenized"
      }
    },
    "rust-overlay": {
      "inputs": {
        "nixpkgs": [
          "lanzaboote",
          "nixpkgs"
        ]
      },
      "locked": {
        "lastModified": 1789543870,
        "narHash": "sha256-45ikFmtfgBZgMePIm4GevJ9VjDSWO3PGQgOuuwHDpes=",
        "owner": "oxalica",
        "repo": "rust-overlay",
        "rev": "35ca0490d13a3d38c4602d0eb9600a30fa63a367",
        "type": "github"
      },
      "original": {
        "owner": "oxalica",
        "repo": "rust-overlay",
        "type": "github"
      }
    },
    "selenized": {
      "flake": false,
      "locked": {
        "lastModified": 1759097196,
        "narHash": "sha256-gS+LdNHGjai4EJXmJXORbWSY2vTxdL9w89HMR+sNldY=",
        "owner": "jan-warchol",
        "repo": "selenized",
        "rev": "9a753d5c575c48e29eeb2be745d9571b4cec42b3",
        "type": "github"
      },
      "original": {
        "owner": "jan-warchol",
        "repo": "selenized",
        "type": "github"
      }
    }
  },
  "root": "root",
  "version": 7
}
